// !$*UTF8*$!
{
	archiveVersion = 1;
	classes = {
	};
	objectVersion = 50;
	objects = {

/* Begin PBXBuildFile section */
		4827BE07216B52FD00C2E858 /* Person.swift in Sources */ = {isa = PBXBuildFile; fileRef = 4827BE06216B52FD00C2E858 /* Person.swift */; };
		4827BE09216B530F00C2E858 /* PersonCell.swift in Sources */ = {isa = PBXBuildFile; fileRef = 4827BE08216B530F00C2E858 /* PersonCell.swift */; };
		4827BE0B216B533F00C2E858 /* GenericCell.swift in Sources */ = {isa = PBXBuildFile; fileRef = 4827BE0A216B533F00C2E858 /* GenericCell.swift */; };
		4827BE0D216B537A00C2E858 /* GenericTableViewController.swift in Sources */ = {isa = PBXBuildFile; fileRef = 4827BE0C216B537A00C2E858 /* GenericTableViewController.swift */; };
		4827BE0F216B53AD00C2E858 /* PeopleViewController.swift in Sources */ = {isa = PBXBuildFile; fileRef = 4827BE0E216B53AD00C2E858 /* PeopleViewController.swift */; };
		483F90EE217ABF2F000FA821 /* ShimmerViewController.swift in Sources */ = {isa = PBXBuildFile; fileRef = 483F90ED217ABF2F000FA821 /* ShimmerViewController.swift */; };
		48937DA5216F4358003EBFCE /* CurvedView.swift in Sources */ = {isa = PBXBuildFile; fileRef = 48937DA4216F4358003EBFCE /* CurvedView.swift */; };
		48937DA7216F436F003EBFCE /* CurvedViewController.swift in Sources */ = {isa = PBXBuildFile; fileRef = 48937DA6216F436F003EBFCE /* CurvedViewController.swift */; };
		48986922210B145600CADE9A /* AppDelegate.swift in Sources */ = {isa = PBXBuildFile; fileRef = 48986921210B145600CADE9A /* AppDelegate.swift */; };
		48986924210B145600CADE9A /* ViewController.swift in Sources */ = {isa = PBXBuildFile; fileRef = 48986923210B145600CADE9A /* ViewController.swift */; };
		48986927210B145600CADE9A /* Main.storyboard in Resources */ = {isa = PBXBuildFile; fileRef = 48986925210B145600CADE9A /* Main.storyboard */; };
		48986929210B145700CADE9A /* Assets.xcassets in Resources */ = {isa = PBXBuildFile; fileRef = 48986928210B145700CADE9A /* Assets.xcassets */; };
		4898692C210B145700CADE9A /* LaunchScreen.storyboard in Resources */ = {isa = PBXBuildFile; fileRef = 4898692A210B145700CADE9A /* LaunchScreen.storyboard */; };
		48F47613218453D100D010C6 /* CardViewController.swift in Sources */ = {isa = PBXBuildFile; fileRef = 48F47612218453D100D010C6 /* CardViewController.swift */; };
		48F47617218458DA00D010C6 /* BaseViewController.swift in Sources */ = {isa = PBXBuildFile; fileRef = 48F47616218458DA00D010C6 /* BaseViewController.swift */; };
/* End PBXBuildFile section */

/* Begin PBXFileReference section */
		4827BE06216B52FD00C2E858 /* Person.swift */ = {isa = PBXFileReference; lastKnownFileType = sourcecode.swift; path = Person.swift; sourceTree = "<group>"; };
		4827BE08216B530F00C2E858 /* PersonCell.swift */ = {isa = PBXFileReference; lastKnownFileType = sourcecode.swift; path = PersonCell.swift; sourceTree = "<group>"; };
		4827BE0A216B533F00C2E858 /* GenericCell.swift */ = {isa = PBXFileReference; lastKnownFileType = sourcecode.swift; path = GenericCell.swift; sourceTree = "<group>"; };
		4827BE0C216B537A00C2E858 /* GenericTableViewController.swift */ = {isa = PBXFileReference; lastKnownFileType = sourcecode.swift; path = GenericTableViewController.swift; sourceTree = "<group>"; };
		4827BE0E216B53AD00C2E858 /* PeopleViewController.swift */ = {isa = PBXFileReference; lastKnownFileType = sourcecode.swift; path = PeopleViewController.swift; sourceTree = "<group>"; };
		483F90ED217ABF2F000FA821 /* ShimmerViewController.swift */ = {isa = PBXFileReference; lastKnownFileType = sourcecode.swift; path = ShimmerViewController.swift; sourceTree = "<group>"; };
		48937DA4216F4358003EBFCE /* CurvedView.swift */ = {isa = PBXFileReference; lastKnownFileType = sourcecode.swift; path = CurvedView.swift; sourceTree = "<group>"; };
		48937DA6216F436F003EBFCE /* CurvedViewController.swift */ = {isa = PBXFileReference; lastKnownFileType = sourcecode.swift; path = CurvedViewController.swift; sourceTree = "<group>"; };
		4898691E210B145600CADE9A /* AnimationPractice.app */ = {isa = PBXFileReference; explicitFileType = wrapper.application; includeInIndex = 0; path = AnimationPractice.app; sourceTree = BUILT_PRODUCTS_DIR; };
		48986921210B145600CADE9A /* AppDelegate.swift */ = {isa = PBXFileReference; lastKnownFileType = sourcecode.swift; path = AppDelegate.swift; sourceTree = "<group>"; };
		48986923210B145600CADE9A /* ViewController.swift */ = {isa = PBXFileReference; lastKnownFileType = sourcecode.swift; path = ViewController.swift; sourceTree = "<group>"; };
		48986926210B145600CADE9A /* Base */ = {isa = PBXFileReference; lastKnownFileType = file.storyboard; name = Base; path = Base.lproj/Main.storyboard; sourceTree = "<group>"; };
		48986928210B145700CADE9A /* Assets.xcassets */ = {isa = PBXFileReference; lastKnownFileType = folder.assetcatalog; path = Assets.xcassets; sourceTree = "<group>"; };
		4898692B210B145700CADE9A /* Base */ = {isa = PBXFileReference; lastKnownFileType = file.storyboard; name = Base; path = Base.lproj/LaunchScreen.storyboard; sourceTree = "<group>"; };
		4898692D210B145700CADE9A /* Info.plist */ = {isa = PBXFileReference; lastKnownFileType = text.plist.xml; path = Info.plist; sourceTree = "<group>"; };
		48F47612218453D100D010C6 /* CardViewController.swift */ = {isa = PBXFileReference; lastKnownFileType = sourcecode.swift; path = CardViewController.swift; sourceTree = "<group>"; };
		48F47616218458DA00D010C6 /* BaseViewController.swift */ = {isa = PBXFileReference; lastKnownFileType = sourcecode.swift; path = BaseViewController.swift; sourceTree = "<group>"; };
/* End PBXFileReference section */

/* Begin PBXFrameworksBuildPhase section */
		4898691B210B145600CADE9A /* Frameworks */ = {
			isa = PBXFrameworksBuildPhase;
			buildActionMask = 2147483647;
			files = (
			);
			runOnlyForDeploymentPostprocessing = 0;
		};
/* End PBXFrameworksBuildPhase section */

/* Begin PBXGroup section */
		4827BE03216B526300C2E858 /* Generic */ = {
			isa = PBXGroup;
			children = (
				4827BE06216B52FD00C2E858 /* Person.swift */,
				4827BE08216B530F00C2E858 /* PersonCell.swift */,
				4827BE0A216B533F00C2E858 /* GenericCell.swift */,
				4827BE0C216B537A00C2E858 /* GenericTableViewController.swift */,
				4827BE0E216B53AD00C2E858 /* PeopleViewController.swift */,
			);
			path = Generic;
			sourceTree = "<group>";
		};
		4827BE10216B659A00C2E858 /* CountingLabel */ = {
			isa = PBXGroup;
			children = (
			);
			path = CountingLabel;
			sourceTree = "<group>";
		};
		48986915210B145600CADE9A = {
			isa = PBXGroup;
			children = (
				48986920210B145600CADE9A /* AnimationPractice */,
				4898691F210B145600CADE9A /* Products */,
			);
			sourceTree = "<group>";
		};
		4898691F210B145600CADE9A /* Products */ = {
			isa = PBXGroup;
			children = (
				4898691E210B145600CADE9A /* AnimationPractice.app */,
			);
			name = Products;
			sourceTree = "<group>";
		};
		48986920210B145600CADE9A /* AnimationPractice */ = {
			isa = PBXGroup;
			children = (
				48F47611218453BE00D010C6 /* CardView */,
				4827BE10216B659A00C2E858 /* CountingLabel */,
				4827BE03216B526300C2E858 /* Generic */,
				48986933210B1C4A00CADE9A /* FaceBook */,
				48986921210B145600CADE9A /* AppDelegate.swift */,
				48986925210B145600CADE9A /* Main.storyboard */,
				48986928210B145700CADE9A /* Assets.xcassets */,
				4898692A210B145700CADE9A /* LaunchScreen.storyboard */,
				4898692D210B145700CADE9A /* Info.plist */,
			);
			path = AnimationPractice;
			sourceTree = "<group>";
		};
		48986933210B1C4A00CADE9A /* FaceBook */ = {
			isa = PBXGroup;
			children = (
				48986923210B145600CADE9A /* ViewController.swift */,
				48937DA4216F4358003EBFCE /* CurvedView.swift */,
				48937DA6216F436F003EBFCE /* CurvedViewController.swift */,
				483F90ED217ABF2F000FA821 /* ShimmerViewController.swift */,
			);
			path = FaceBook;
			sourceTree = "<group>";
		};
		48F47611218453BE00D010C6 /* CardView */ = {
			isa = PBXGroup;
			children = (
				48F47612218453D100D010C6 /* CardViewController.swift */,
				48F47616218458DA00D010C6 /* BaseViewController.swift */,
			);
			path = CardView;
			sourceTree = "<group>";
		};
/* End PBXGroup section */

/* Begin PBXNativeTarget section */
		4898691D210B145600CADE9A /* AnimationPractice */ = {
			isa = PBXNativeTarget;
			buildConfigurationList = 48986930210B145700CADE9A /* Build configuration list for PBXNativeTarget "AnimationPractice" */;
			buildPhases = (
				4898691A210B145600CADE9A /* Sources */,
				4898691B210B145600CADE9A /* Frameworks */,
				4898691C210B145600CADE9A /* Resources */,
			);
			buildRules = (
			);
			dependencies = (
			);
			name = AnimationPractice;
			productName = AnimationPractice;
			productReference = 4898691E210B145600CADE9A /* AnimationPractice.app */;
			productType = "com.apple.product-type.application";
		};
/* End PBXNativeTarget section */

/* Begin PBXProject section */
		48986916210B145600CADE9A /* Project object */ = {
			isa = PBXProject;
			attributes = {
				LastSwiftUpdateCheck = 1000;
				LastUpgradeCheck = 1000;
				ORGANIZATIONNAME = samchon;
				TargetAttributes = {
					4898691D210B145600CADE9A = {
						CreatedOnToolsVersion = 10.0;
					};
				};
			};
			buildConfigurationList = 48986919210B145600CADE9A /* Build configuration list for PBXProject "AnimationPractice" */;
			compatibilityVersion = "Xcode 9.3";
			developmentRegion = en;
			hasScannedForEncodings = 0;
			knownRegions = (
				en,
				Base,
			);
			mainGroup = 48986915210B145600CADE9A;
			productRefGroup = 4898691F210B145600CADE9A /* Products */;
			projectDirPath = "";
			projectRoot = "";
			targets = (
				4898691D210B145600CADE9A /* AnimationPractice */,
			);
		};
/* End PBXProject section */

/* Begin PBXResourcesBuildPhase section */
		4898691C210B145600CADE9A /* Resources */ = {
			isa = PBXResourcesBuildPhase;
			buildActionMask = 2147483647;
			files = (
				4898692C210B145700CADE9A /* LaunchScreen.storyboard in Resources */,
				48986929210B145700CADE9A /* Assets.xcassets in Resources */,
				48986927210B145600CADE9A /* Main.storyboard in Resources */,
			);
			runOnlyForDeploymentPostprocessing = 0;
		};
/* End PBXResourcesBuildPhase section */

/* Begin PBXSourcesBuildPhase section */
		4898691A210B145600CADE9A /* Sources */ = {
			isa = PBXSourcesBuildPhase;
			buildActionMask = 2147483647;
			files = (
				48F47617218458DA00D010C6 /* BaseViewController.swift in Sources */,
				48937DA5216F4358003EBFCE /* CurvedView.swift in Sources */,
				4827BE0B216B533F00C2E858 /* GenericCell.swift in Sources */,
				4827BE0F216B53AD00C2E858 /* PeopleViewController.swift in Sources */,
				48937DA7216F436F003EBFCE /* CurvedViewController.swift in Sources */,
				483F90EE217ABF2F000FA821 /* ShimmerViewController.swift in Sources */,
				4827BE0D216B537A00C2E858 /* GenericTableViewController.swift in Sources */,
				4827BE09216B530F00C2E858 /* PersonCell.swift in Sources */,
				48986924210B145600CADE9A /* ViewController.swift in Sources */,
				48F47613218453D100D010C6 /* CardViewController.swift in Sources */,
				4827BE07216B52FD00C2E858 /* Person.swift in Sources */,
				48986922210B145600CADE9A /* AppDelegate.swift in Sources */,
			);
			runOnlyForDeploymentPostprocessing = 0;
		};
/* End PBXSourcesBuildPhase section */

/* Begin PBXVariantGroup section */
		48986925210B145600CADE9A /* Main.storyboard */ = {
			isa = PBXVariantGroup;
			children = (
				48986926210B145600CADE9A /* Base */,
			);
			name = Main.storyboard;
			sourceTree = "<group>";
		};
		4898692A210B145700CADE9A /* LaunchScreen.storyboard */ = {
			isa = PBXVariantGroup;
			children = (
				4898692B210B145700CADE9A /* Base */,
			);
			name = LaunchScreen.storyboard;
			sourceTree = "<group>";
		};
/* End PBXVariantGroup section */

/* Begin XCBuildConfiguration section */
		4898692E210B145700CADE9A /* Debug */ = {
			isa = XCBuildConfiguration;
			buildSettings = {
				ALWAYS_SEARCH_USER_PATHS = NO;
				CLANG_ANALYZER_NONNULL = YES;
				CLANG_ANALYZER_NUMBER_OBJECT_CONVERSION = YES_AGGRESSIVE;
				CLANG_CXX_LANGUAGE_STANDARD = "gnu++14";
				CLANG_CXX_LIBRARY = "libc++";
				CLANG_ENABLE_MODULES = YES;
				CLANG_ENABLE_OBJC_ARC = YES;
				CLANG_ENABLE_OBJC_WEAK = YES;
				CLANG_WARN_BLOCK_CAPTURE_AUTORELEASING = YES;
				CLANG_WARN_BOOL_CONVERSION = YES;
				CLANG_WARN_COMMA = YES;
				CLANG_WARN_CONSTANT_CONVERSION = YES;
				CLANG_WARN_DEPRECATED_OBJC_IMPLEMENTATIONS = YES;
				CLANG_WARN_DIRECT_OBJC_ISA_USAGE = YES_ERROR;
				CLANG_WARN_DOCUMENTATION_COMMENTS = YES;
				CLANG_WARN_EMPTY_BODY = YES;
				CLANG_WARN_ENUM_CONVERSION = YES;
				CLANG_WARN_INFINITE_RECURSION = YES;
				CLANG_WARN_INT_CONVERSION = YES;
				CLANG_WARN_NON_LITERAL_NULL_CONVERSION = YES;
				CLANG_WARN_OBJC_IMPLICIT_RETAIN_SELF = YES;
				CLANG_WARN_OBJC_LITERAL_CONVERSION = YES;
				CLANG_WARN_OBJC_ROOT_CLASS = YES_ERROR;
				CLANG_WARN_RANGE_LOOP_ANALYSIS = YES;
				CLANG_WARN_STRICT_PROTOTYPES = YES;
				CLANG_WARN_SUSPICIOUS_MOVE = YES;
				CLANG_WARN_UNGUARDED_AVAILABILITY = YES_AGGRESSIVE;
				CLANG_WARN_UNREACHABLE_CODE = YES;
				CLANG_WARN__DUPLICATE_METHOD_MATCH = YES;
				CODE_SIGN_IDENTITY = "iPhone Developer";
				COPY_PHASE_STRIP = NO;
				DEBUG_INFORMATION_FORMAT = dwarf;
				ENABLE_STRICT_OBJC_MSGSEND = YES;
				ENABLE_TESTABILITY = YES;
				GCC_C_LANGUAGE_STANDARD = gnu11;
				GCC_DYNAMIC_NO_PIC = NO;
				GCC_NO_COMMON_BLOCKS = YES;
				GCC_OPTIMIZATION_LEVEL = 0;
				GCC_PREPROCESSOR_DEFINITIONS = (
					"DEBUG=1",
					"$(inherited)",
				);
				GCC_WARN_64_TO_32_BIT_CONVERSION = YES;
				GCC_WARN_ABOUT_RETURN_TYPE = YES_ERROR;
				GCC_WARN_UNDECLARED_SELECTOR = YES;
				GCC_WARN_UNINITIALIZED_AUTOS = YES_AGGRESSIVE;
				GCC_WARN_UNUSED_FUNCTION = YES;
				GCC_WARN_UNUSED_VARIABLE = YES;
				IPHONEOS_DEPLOYMENT_TARGET = 12.0;
				MTL_ENABLE_DEBUG_INFO = INCLUDE_SOURCE;
				MTL_FAST_MATH = YES;
				ONLY_ACTIVE_ARCH = YES;
				SDKROOT = iphoneos;
				SWIFT_ACTIVE_COMPILATION_CONDITIONS = DEBUG;
				SWIFT_OPTIMIZATION_LEVEL = "-Onone";
			};
			name = Debug;
		};
		4898692F210B145700CADE9A /* Release */ = {
			isa = XCBuildConfiguration;
			buildSettings = {
				ALWAYS_SEARCH_USER_PATHS = NO;
				CLANG_ANALYZER_NONNULL = YES;
				CLANG_ANALYZER_NUMBER_OBJECT_CONVERSION = YES_AGGRESSIVE;
				CLANG_CXX_LANGUAGE_STANDARD = "gnu++14";
				CLANG_CXX_LIBRARY = "libc++";
				CLANG_ENABLE_MODULES = YES;
				CLANG_ENABLE_OBJC_ARC = YES;
				CLANG_ENABLE_OBJC_WEAK = YES;
				CLANG_WARN_BLOCK_CAPTURE_AUTORELEASING = YES;
				CLANG_WARN_BOOL_CONVERSION = YES;
				CLANG_WARN_COMMA = YES;
				CLANG_WARN_CONSTANT_CONVERSION = YES;
				CLANG_WARN_DEPRECATED_OBJC_IMPLEMENTATIONS = YES;
				CLANG_WARN_DIRECT_OBJC_ISA_USAGE = YES_ERROR;
				CLANG_WARN_DOCUMENTATION_COMMENTS = YES;
				CLANG_WARN_EMPTY_BODY = YES;
				CLANG_WARN_ENUM_CONVERSION = YES;
				CLANG_WARN_INFINITE_RECURSION = YES;
				CLANG_WARN_INT_CONVERSION = YES;
				CLANG_WARN_NON_LITERAL_NULL_CONVERSION = YES;
				CLANG_WARN_OBJC_IMPLICIT_RETAIN_SELF = YES;
				CLANG_WARN_OBJC_LITERAL_CONVERSION = YES;
				CLANG_WARN_OBJC_ROOT_CLASS = YES_ERROR;
				CLANG_WARN_RANGE_LOOP_ANALYSIS = YES;
				CLANG_WARN_STRICT_PROTOTYPES = YES;
				CLANG_WARN_SUSPICIOUS_MOVE = YES;
				CLANG_WARN_UNGUARDED_AVAILABILITY = YES_AGGRESSIVE;
				CLANG_WARN_UNREACHABLE_CODE = YES;
				CLANG_WARN__DUPLICATE_METHOD_MATCH = YES;
				CODE_SIGN_IDENTITY = "iPhone Developer";
				COPY_PHASE_STRIP = NO;
				DEBUG_INFORMATION_FORMAT = "dwarf-with-dsym";
				ENABLE_NS_ASSERTIONS = NO;
				ENABLE_STRICT_OBJC_MSGSEND = YES;
				GCC_C_LANGUAGE_STANDARD = gnu11;
				GCC_NO_COMMON_BLOCKS = YES;
				GCC_WARN_64_TO_32_BIT_CONVERSION = YES;
				GCC_WARN_ABOUT_RETURN_TYPE = YES_ERROR;
				GCC_WARN_UNDECLARED_SELECTOR = YES;
				GCC_WARN_UNINITIALIZED_AUTOS = YES_AGGRESSIVE;
				GCC_WARN_UNUSED_FUNCTION = YES;
				GCC_WARN_UNUSED_VARIABLE = YES;
				IPHONEOS_DEPLOYMENT_TARGET = 12.0;
				MTL_ENABLE_DEBUG_INFO = NO;
				MTL_FAST_MATH = YES;
				SDKROOT = iphoneos;
				SWIFT_COMPILATION_MODE = wholemodule;
				SWIFT_OPTIMIZATION_LEVEL = "-O";
				VALIDATE_PRODUCT = YES;
			};
			name = Release;
		};
		48986931210B145700CADE9A /* Debug */ = {
			isa = XCBuildConfiguration;
			buildSettings = {
				ASSETCATALOG_COMPILER_APPICON_NAME = AppIcon;
				CODE_SIGN_STYLE = Automatic;
				DEVELOPMENT_TEAM = J6JJA4UC5Z;
				INFOPLIST_FILE = AnimationPractice/Info.plist;
				LD_RUNPATH_SEARCH_PATHS = (
					"$(inherited)",
					"@executable_path/Frameworks",
				);
				PRODUCT_BUNDLE_IDENTIFIER = com.samchon.AnimationPractice;
				PRODUCT_NAME = "$(TARGET_NAME)";
				SWIFT_VERSION = 4.2;
				TARGETED_DEVICE_FAMILY = "1,2";
			};
			name = Debug;
		};
		48986932210B145700CADE9A /* Release */ = {
			isa = XCBuildConfiguration;
			buildSettings = {
				ASSETCATALOG_COMPILER_APPICON_NAME = AppIcon;
				CODE_SIGN_STYLE = Automatic;
				DEVELOPMENT_TEAM = J6JJA4UC5Z;
				INFOPLIST_FILE = AnimationPractice/Info.plist;
				LD_RUNPATH_SEARCH_PATHS = (
					"$(inherited)",
					"@executable_path/Frameworks",
				);
				PRODUCT_BUNDLE_IDENTIFIER = com.samchon.AnimationPractice;
				PRODUCT_NAME = "$(TARGET_NAME)";
				SWIFT_VERSION = 4.2;
				TARGETED_DEVICE_FAMILY = "1,2";
			};
			name = Release;
		};
/* End XCBuildConfiguration section */

/* Begin XCConfigurationList section */
		48986919210B145600CADE9A /* Build configuration list for PBXProject "AnimationPractice" */ = {
			isa = XCConfigurationList;
			buildConfigurations = (
				4898692E210B145700CADE9A /* Debug */,
				4898692F210B145700CADE9A /* Release */,
			);
			defaultConfigurationIsVisible = 0;
			defaultConfigurationName = Release;
		};
		48986930210B145700CADE9A /* Build configuration list for PBXNativeTarget "AnimationPractice" */ = {
			isa = XCConfigurationList;
			buildConfigurations = (
				48986931210B145700CADE9A /* Debug */,
				48986932210B145700CADE9A /* Release */,
			);
			defaultConfigurationIsVisible = 0;
			defaultConfigurationName = Release;
		};
/* End XCConfigurationList section */
	};
	rootObject = 48986916210B145600CADE9A /* Project object */;
}
